// !$*UTF8*$!
{
	archiveVersion = 1;
	classes = {
	};
	objectVersion = 50;
	objects = {

/* Begin PBXBuildFile section */
		2E0E5432214D5474002B1653 /* BookResultsCollectionViewController.swift in Sources */ = {isa = PBXBuildFile; fileRef = 2E0E5431214D5474002B1653 /* BookResultsCollectionViewController.swift */; };
		2E0E5435214D567B002B1653 /* BookCategoriesTableViewCell.swift in Sources */ = {isa = PBXBuildFile; fileRef = 2E0E5434214D567B002B1653 /* BookCategoriesTableViewCell.swift */; };
		2E0E5437214D575F002B1653 /* BookCategories.swift in Sources */ = {isa = PBXBuildFile; fileRef = 2E0E5436214D575F002B1653 /* BookCategories.swift */; };
		2E0E5439214D5816002B1653 /* BookError.swift in Sources */ = {isa = PBXBuildFile; fileRef = 2E0E5438214D5816002B1653 /* BookError.swift */; };
		2E0E543C214D6161002B1653 /* TableView+.swift in Sources */ = {isa = PBXBuildFile; fileRef = 2E0E543B214D6161002B1653 /* TableView+.swift */; };
		2EDDE9AC214D4B0A00FD4945 /* AppDelegate.swift in Sources */ = {isa = PBXBuildFile; fileRef = 2EDDE9AB214D4B0A00FD4945 /* AppDelegate.swift */; };
		2EDDE9B1214D4B0A00FD4945 /* Main.storyboard in Resources */ = {isa = PBXBuildFile; fileRef = 2EDDE9AF214D4B0A00FD4945 /* Main.storyboard */; };
		2EDDE9B3214D4B0A00FD4945 /* Assets.xcassets in Resources */ = {isa = PBXBuildFile; fileRef = 2EDDE9B2214D4B0A00FD4945 /* Assets.xcassets */; };
		2EDDE9B6214D4B0A00FD4945 /* LaunchScreen.storyboard in Resources */ = {isa = PBXBuildFile; fileRef = 2EDDE9B4214D4B0A00FD4945 /* LaunchScreen.storyboard */; };
		2EDDE9BE214D4C9400FD4945 /* BookCategoryTableViewController.swift in Sources */ = {isa = PBXBuildFile; fileRef = 2EDDE9BD214D4C9400FD4945 /* BookCategoryTableViewController.swift */; };
		798E24C14D29FD536F1682F2 /* Pods_RxBookLookup.framework in Frameworks */ = {isa = PBXBuildFile; fileRef = 144E6E1BE9B47F8E7F7694B7 /* Pods_RxBookLookup.framework */; };
/* End PBXBuildFile section */

/* Begin PBXFileReference section */
		08125B3647335FA1E525A8EA /* Pods-RxBookLookup.release.xcconfig */ = {isa = PBXFileReference; includeInIndex = 1; lastKnownFileType = text.xcconfig; name = "Pods-RxBookLookup.release.xcconfig"; path = "Pods/Target Support Files/Pods-RxBookLookup/Pods-RxBookLookup.release.xcconfig"; sourceTree = "<group>"; };
		144E6E1BE9B47F8E7F7694B7 /* Pods_RxBookLookup.framework */ = {isa = PBXFileReference; explicitFileType = wrapper.framework; includeInIndex = 0; path = Pods_RxBookLookup.framework; sourceTree = BUILT_PRODUCTS_DIR; };
		1AB76113401F5FA051E9759A /* Pods-RxBookLookup.debug.xcconfig */ = {isa = PBXFileReference; includeInIndex = 1; lastKnownFileType = text.xcconfig; name = "Pods-RxBookLookup.debug.xcconfig"; path = "Pods/Target Support Files/Pods-RxBookLookup/Pods-RxBookLookup.debug.xcconfig"; sourceTree = "<group>"; };
		2E0E5431214D5474002B1653 /* BookResultsCollectionViewController.swift */ = {isa = PBXFileReference; lastKnownFileType = sourcecode.swift; path = BookResultsCollectionViewController.swift; sourceTree = "<group>"; };
		2E0E5434214D567B002B1653 /* BookCategoriesTableViewCell.swift */ = {isa = PBXFileReference; lastKnownFileType = sourcecode.swift; path = BookCategoriesTableViewCell.swift; sourceTree = "<group>"; };
		2E0E5436214D575F002B1653 /* BookCategories.swift */ = {isa = PBXFileReference; lastKnownFileType = sourcecode.swift; path = BookCategories.swift; sourceTree = "<group>"; };
		2E0E5438214D5816002B1653 /* BookError.swift */ = {isa = PBXFileReference; lastKnownFileType = sourcecode.swift; path = BookError.swift; sourceTree = "<group>"; };
		2E0E543B214D6161002B1653 /* TableView+.swift */ = {isa = PBXFileReference; lastKnownFileType = sourcecode.swift; path = "TableView+.swift"; sourceTree = "<group>"; };
		2EDDE9A8214D4B0A00FD4945 /* RxBookLookup.app */ = {isa = PBXFileReference; explicitFileType = wrapper.application; includeInIndex = 0; path = RxBookLookup.app; sourceTree = BUILT_PRODUCTS_DIR; };
		2EDDE9AB214D4B0A00FD4945 /* AppDelegate.swift */ = {isa = PBXFileReference; lastKnownFileType = sourcecode.swift; path = AppDelegate.swift; sourceTree = "<group>"; };
		2EDDE9B0214D4B0A00FD4945 /* Base */ = {isa = PBXFileReference; lastKnownFileType = file.storyboard; name = Base; path = Base.lproj/Main.storyboard; sourceTree = "<group>"; };
		2EDDE9B2214D4B0A00FD4945 /* Assets.xcassets */ = {isa = PBXFileReference; lastKnownFileType = folder.assetcatalog; path = Assets.xcassets; sourceTree = "<group>"; };
		2EDDE9B5214D4B0A00FD4945 /* Base */ = {isa = PBXFileReference; lastKnownFileType = file.storyboard; name = Base; path = Base.lproj/LaunchScreen.storyboard; sourceTree = "<group>"; };
		2EDDE9B7214D4B0A00FD4945 /* Info.plist */ = {isa = PBXFileReference; lastKnownFileType = text.plist.xml; path = Info.plist; sourceTree = "<group>"; };
		2EDDE9BD214D4C9400FD4945 /* BookCategoryTableViewController.swift */ = {isa = PBXFileReference; lastKnownFileType = sourcecode.swift; path = BookCategoryTableViewController.swift; sourceTree = "<group>"; };
/* End PBXFileReference section */

/* Begin PBXFrameworksBuildPhase section */
		2EDDE9A5214D4B0A00FD4945 /* Frameworks */ = {
			isa = PBXFrameworksBuildPhase;
			buildActionMask = 2147483647;
			files = (
				798E24C14D29FD536F1682F2 /* Pods_RxBookLookup.framework in Frameworks */,
			);
			runOnlyForDeploymentPostprocessing = 0;
		};
/* End PBXFrameworksBuildPhase section */

/* Begin PBXGroup section */
		2E0E5433214D5655002B1653 /* Cells */ = {
			isa = PBXGroup;
			children = (
				2E0E5434214D567B002B1653 /* BookCategoriesTableViewCell.swift */,
			);
			path = Cells;
			sourceTree = "<group>";
		};
		2E0E543A214D6128002B1653 /* Common Helpers */ = {
			isa = PBXGroup;
			children = (
				2E0E543B214D6161002B1653 /* TableView+.swift */,
			);
			path = "Common Helpers";
			sourceTree = "<group>";
		};
		2EDDE99F214D4B0A00FD4945 = {
			isa = PBXGroup;
			children = (
				2EDDE9AA214D4B0A00FD4945 /* RxBookLookup */,
				2EDDE9A9214D4B0A00FD4945 /* Products */,
				8CF25BF43218AA48811003AF /* Pods */,
				6B506055FD08B700456655E9 /* Frameworks */,
			);
			sourceTree = "<group>";
		};
		2EDDE9A9214D4B0A00FD4945 /* Products */ = {
			isa = PBXGroup;
			children = (
				2EDDE9A8214D4B0A00FD4945 /* RxBookLookup.app */,
			);
			name = Products;
			sourceTree = "<group>";
		};
		2EDDE9AA214D4B0A00FD4945 /* RxBookLookup */ = {
			isa = PBXGroup;
			children = (
				2E0E543A214D6128002B1653 /* Common Helpers */,
				2EDDE9AB214D4B0A00FD4945 /* AppDelegate.swift */,
				2EDDE9C2214D4D7700FD4945 /* Model */,
				2EDDE9C1214D4D6B00FD4945 /* View Models */,
				2EDDE9C0214D4D5F00FD4945 /* View Controllers */,
				2E0E5433214D5655002B1653 /* Cells */,
				2EDDE9BF214D4D5900FD4945 /* Assets */,
			);
			path = RxBookLookup;
			sourceTree = "<group>";
		};
		2EDDE9BF214D4D5900FD4945 /* Assets */ = {
			isa = PBXGroup;
			children = (
				2EDDE9AF214D4B0A00FD4945 /* Main.storyboard */,
				2EDDE9B2214D4B0A00FD4945 /* Assets.xcassets */,
				2EDDE9B4214D4B0A00FD4945 /* LaunchScreen.storyboard */,
				2EDDE9B7214D4B0A00FD4945 /* Info.plist */,
			);
			path = Assets;
			sourceTree = "<group>";
		};
		2EDDE9C0214D4D5F00FD4945 /* View Controllers */ = {
			isa = PBXGroup;
			children = (
				2EDDE9BD214D4C9400FD4945 /* BookCategoryTableViewController.swift */,
				2E0E5431214D5474002B1653 /* BookResultsCollectionViewController.swift */,
			);
			path = "View Controllers";
			sourceTree = "<group>";
		};
		2EDDE9C1214D4D6B00FD4945 /* View Models */ = {
			isa = PBXGroup;
			children = (
			);
			path = "View Models";
			sourceTree = "<group>";
		};
		2EDDE9C2214D4D7700FD4945 /* Model */ = {
			isa = PBXGroup;
			children = (
				2E0E5436214D575F002B1653 /* BookCategories.swift */,
				2E0E5438214D5816002B1653 /* BookError.swift */,
			);
			path = Model;
			sourceTree = "<group>";
		};
		6B506055FD08B700456655E9 /* Frameworks */ = {
			isa = PBXGroup;
			children = (
				144E6E1BE9B47F8E7F7694B7 /* Pods_RxBookLookup.framework */,
			);
			name = Frameworks;
			sourceTree = "<group>";
		};
		8CF25BF43218AA48811003AF /* Pods */ = {
			isa = PBXGroup;
			children = (
				1AB76113401F5FA051E9759A /* Pods-RxBookLookup.debug.xcconfig */,
				08125B3647335FA1E525A8EA /* Pods-RxBookLookup.release.xcconfig */,
			);
			name = Pods;
			sourceTree = "<group>";
		};
/* End PBXGroup section */

/* Begin PBXNativeTarget section */
		2EDDE9A7214D4B0A00FD4945 /* RxBookLookup */ = {
			isa = PBXNativeTarget;
			buildConfigurationList = 2EDDE9BA214D4B0A00FD4945 /* Build configuration list for PBXNativeTarget "RxBookLookup" */;
			buildPhases = (
				018D38ECC54B78CFCF9EFD25 /* [CP] Check Pods Manifest.lock */,
				2EDDE9A4214D4B0A00FD4945 /* Sources */,
				2EDDE9A5214D4B0A00FD4945 /* Frameworks */,
				2EDDE9A6214D4B0A00FD4945 /* Resources */,
				C737806D0153A227BC7EF8E9 /* [CP] Embed Pods Frameworks */,
				46C5424739D916B9796921C4 /* [CP] Copy Pods Resources */,
			);
			buildRules = (
			);
			dependencies = (
			);
			name = RxBookLookup;
			productName = RxBookLookup;
			productReference = 2EDDE9A8214D4B0A00FD4945 /* RxBookLookup.app */;
			productType = "com.apple.product-type.application";
		};
/* End PBXNativeTarget section */

/* Begin PBXProject section */
		2EDDE9A0214D4B0A00FD4945 /* Project object */ = {
			isa = PBXProject;
			attributes = {
				LastSwiftUpdateCheck = 0940;
				LastUpgradeCheck = 0940;
				ORGANIZATIONNAME = "David Anglin";
				TargetAttributes = {
					2EDDE9A7214D4B0A00FD4945 = {
						CreatedOnToolsVersion = 9.4.1;
					};
				};
			};
			buildConfigurationList = 2EDDE9A3214D4B0A00FD4945 /* Build configuration list for PBXProject "RxBookLookup" */;
			compatibilityVersion = "Xcode 9.3";
			developmentRegion = en;
			hasScannedForEncodings = 0;
			knownRegions = (
				en,
				Base,
			);
			mainGroup = 2EDDE99F214D4B0A00FD4945;
			productRefGroup = 2EDDE9A9214D4B0A00FD4945 /* Products */;
			projectDirPath = "";
			projectRoot = "";
			targets = (
				2EDDE9A7214D4B0A00FD4945 /* RxBookLookup */,
			);
		};
/* End PBXProject section */

/* Begin PBXResourcesBuildPhase section */
		2EDDE9A6214D4B0A00FD4945 /* Resources */ = {
			isa = PBXResourcesBuildPhase;
			buildActionMask = 2147483647;
			files = (
				2EDDE9B6214D4B0A00FD4945 /* LaunchScreen.storyboard in Resources */,
				2EDDE9B3214D4B0A00FD4945 /* Assets.xcassets in Resources */,
				2EDDE9B1214D4B0A00FD4945 /* Main.storyboard in Resources */,
			);
			runOnlyForDeploymentPostprocessing = 0;
		};
/* End PBXResourcesBuildPhase section */

/* Begin PBXShellScriptBuildPhase section */
		018D38ECC54B78CFCF9EFD25 /* [CP] Check Pods Manifest.lock */ = {
			isa = PBXShellScriptBuildPhase;
			buildActionMask = 2147483647;
			files = (
			);
			inputPaths = (
				"${PODS_PODFILE_DIR_PATH}/Podfile.lock",
				"${PODS_ROOT}/Manifest.lock",
			);
			name = "[CP] Check Pods Manifest.lock";
			outputPaths = (
				"$(DERIVED_FILE_DIR)/Pods-RxBookLookup-checkManifestLockResult.txt",
			);
			runOnlyForDeploymentPostprocessing = 0;
			shellPath = /bin/sh;
			shellScript = "diff \"${PODS_PODFILE_DIR_PATH}/Podfile.lock\" \"${PODS_ROOT}/Manifest.lock\" > /dev/null\nif [ $? != 0 ] ; then\n    # print error to STDERR\n    echo \"error: The sandbox is not in sync with the Podfile.lock. Run 'pod install' or update your CocoaPods installation.\" >&2\n    exit 1\nfi\n# This output is used by Xcode 'outputs' to avoid re-running this script phase.\necho \"SUCCESS\" > \"${SCRIPT_OUTPUT_FILE_0}\"\n";
			showEnvVarsInLog = 0;
		};
		46C5424739D916B9796921C4 /* [CP] Copy Pods Resources */ = {
			isa = PBXShellScriptBuildPhase;
			buildActionMask = 2147483647;
			files = (
			);
			inputPaths = (
			);
			name = "[CP] Copy Pods Resources";
			outputPaths = (
			);
			runOnlyForDeploymentPostprocessing = 0;
			shellPath = /bin/sh;
			shellScript = "\"${SRCROOT}/Pods/Target Support Files/Pods-RxBookLookup/Pods-RxBookLookup-resources.sh\"\n";
			showEnvVarsInLog = 0;
		};
		C737806D0153A227BC7EF8E9 /* [CP] Embed Pods Frameworks */ = {
			isa = PBXShellScriptBuildPhase;
			buildActionMask = 2147483647;
			files = (
			);
			inputPaths = (
				"${SRCROOT}/Pods/Target Support Files/Pods-RxBookLookup/Pods-RxBookLookup-frameworks.sh",
				"${BUILT_PRODUCTS_DIR}/Realm/Realm.framework",
				"${BUILT_PRODUCTS_DIR}/RealmSwift/RealmSwift.framework",
				"${BUILT_PRODUCTS_DIR}/RxCocoa/RxCocoa.framework",
				"${BUILT_PRODUCTS_DIR}/RxSwift/RxSwift.framework",
			);
			name = "[CP] Embed Pods Frameworks";
			outputPaths = (
				"${TARGET_BUILD_DIR}/${FRAMEWORKS_FOLDER_PATH}/Realm.framework",
				"${TARGET_BUILD_DIR}/${FRAMEWORKS_FOLDER_PATH}/RealmSwift.framework",
				"${TARGET_BUILD_DIR}/${FRAMEWORKS_FOLDER_PATH}/RxCocoa.framework",
				"${TARGET_BUILD_DIR}/${FRAMEWORKS_FOLDER_PATH}/RxSwift.framework",
			);
			runOnlyForDeploymentPostprocessing = 0;
			shellPath = /bin/sh;
			shellScript = "\"${SRCROOT}/Pods/Target Support Files/Pods-RxBookLookup/Pods-RxBookLookup-frameworks.sh\"\n";
			showEnvVarsInLog = 0;
		};
/* End PBXShellScriptBuildPhase section */

/* Begin PBXSourcesBuildPhase section */
		2EDDE9A4214D4B0A00FD4945 /* Sources */ = {
			isa = PBXSourcesBuildPhase;
			buildActionMask = 2147483647;
			files = (
				2E0E543C214D6161002B1653 /* TableView+.swift in Sources */,
				2E0E5435214D567B002B1653 /* BookCategoriesTableViewCell.swift in Sources */,
				2E0E5439214D5816002B1653 /* BookError.swift in Sources */,
				2EDDE9BE214D4C9400FD4945 /* BookCategoryTableViewController.swift in Sources */,
				2E0E5432214D5474002B1653 /* BookResultsCollectionViewController.swift in Sources */,
				2E0E5437214D575F002B1653 /* BookCategories.swift in Sources */,
				2EDDE9AC214D4B0A00FD4945 /* AppDelegate.swift in Sources */,
			);
			runOnlyForDeploymentPostprocessing = 0;
		};
/* End PBXSourcesBuildPhase section */

/* Begin PBXVariantGroup section */
		2EDDE9AF214D4B0A00FD4945 /* Main.storyboard */ = {
			isa = PBXVariantGroup;
			children = (
				2EDDE9B0214D4B0A00FD4945 /* Base */,
			);
			name = Main.storyboard;
			sourceTree = "<group>";
		};
		2EDDE9B4214D4B0A00FD4945 /* LaunchScreen.storyboard */ = {
			isa = PBXVariantGroup;
			children = (
				2EDDE9B5214D4B0A00FD4945 /* Base */,
			);
			name = LaunchScreen.storyboard;
			sourceTree = "<group>";
		};
/* End PBXVariantGroup section */

/* Begin XCBuildConfiguration section */
		2EDDE9B8214D4B0A00FD4945 /* Debug */ = {
			isa = XCBuildConfiguration;
			buildSettings = {
				ALWAYS_SEARCH_USER_PATHS = NO;
				CLANG_ANALYZER_NONNULL = YES;
				CLANG_ANALYZER_NUMBER_OBJECT_CONVERSION = YES_AGGRESSIVE;
				CLANG_CXX_LANGUAGE_STANDARD = "gnu++14";
				CLANG_CXX_LIBRARY = "libc++";
				CLANG_ENABLE_MODULES = YES;
				CLANG_ENABLE_OBJC_ARC = YES;
				CLANG_ENABLE_OBJC_WEAK = YES;
				CLANG_WARN_BLOCK_CAPTURE_AUTORELEASING = YES;
				CLANG_WARN_BOOL_CONVERSION = YES;
				CLANG_WARN_COMMA = YES;
				CLANG_WARN_CONSTANT_CONVERSION = YES;
				CLANG_WARN_DEPRECATED_OBJC_IMPLEMENTATIONS = YES;
				CLANG_WARN_DIRECT_OBJC_ISA_USAGE = YES_ERROR;
				CLANG_WARN_DOCUMENTATION_COMMENTS = YES;
				CLANG_WARN_EMPTY_BODY = YES;
				CLANG_WARN_ENUM_CONVERSION = YES;
				CLANG_WARN_INFINITE_RECURSION = YES;
				CLANG_WARN_INT_CONVERSION = YES;
				CLANG_WARN_NON_LITERAL_NULL_CONVERSION = YES;
				CLANG_WARN_OBJC_IMPLICIT_RETAIN_SELF = YES;
				CLANG_WARN_OBJC_LITERAL_CONVERSION = YES;
				CLANG_WARN_OBJC_ROOT_CLASS = YES_ERROR;
				CLANG_WARN_RANGE_LOOP_ANALYSIS = YES;
				CLANG_WARN_STRICT_PROTOTYPES = YES;
				CLANG_WARN_SUSPICIOUS_MOVE = YES;
				CLANG_WARN_UNGUARDED_AVAILABILITY = YES_AGGRESSIVE;
				CLANG_WARN_UNREACHABLE_CODE = YES;
				CLANG_WARN__DUPLICATE_METHOD_MATCH = YES;
				CODE_SIGN_IDENTITY = "iPhone Developer";
				COPY_PHASE_STRIP = NO;
				DEBUG_INFORMATION_FORMAT = dwarf;
				ENABLE_STRICT_OBJC_MSGSEND = YES;
				ENABLE_TESTABILITY = YES;
				GCC_C_LANGUAGE_STANDARD = gnu11;
				GCC_DYNAMIC_NO_PIC = NO;
				GCC_NO_COMMON_BLOCKS = YES;
				GCC_OPTIMIZATION_LEVEL = 0;
				GCC_PREPROCESSOR_DEFINITIONS = (
					"DEBUG=1",
					"$(inherited)",
				);
				GCC_WARN_64_TO_32_BIT_CONVERSION = YES;
				GCC_WARN_ABOUT_RETURN_TYPE = YES_ERROR;
				GCC_WARN_UNDECLARED_SELECTOR = YES;
				GCC_WARN_UNINITIALIZED_AUTOS = YES_AGGRESSIVE;
				GCC_WARN_UNUSED_FUNCTION = YES;
				GCC_WARN_UNUSED_VARIABLE = YES;
				IPHONEOS_DEPLOYMENT_TARGET = 11.4;
				MTL_ENABLE_DEBUG_INFO = YES;
				ONLY_ACTIVE_ARCH = YES;
				SDKROOT = iphoneos;
				SWIFT_ACTIVE_COMPILATION_CONDITIONS = DEBUG;
				SWIFT_OPTIMIZATION_LEVEL = "-Onone";
			};
			name = Debug;
		};
		2EDDE9B9214D4B0A00FD4945 /* Release */ = {
			isa = XCBuildConfiguration;
			buildSettings = {
				ALWAYS_SEARCH_USER_PATHS = NO;
				CLANG_ANALYZER_NONNULL = YES;
				CLANG_ANALYZER_NUMBER_OBJECT_CONVERSION = YES_AGGRESSIVE;
				CLANG_CXX_LANGUAGE_STANDARD = "gnu++14";
				CLANG_CXX_LIBRARY = "libc++";
				CLANG_ENABLE_MODULES = YES;
				CLANG_ENABLE_OBJC_ARC = YES;
				CLANG_ENABLE_OBJC_WEAK = YES;
				CLANG_WARN_BLOCK_CAPTURE_AUTORELEASING = YES;
				CLANG_WARN_BOOL_CONVERSION = YES;
				CLANG_WARN_COMMA = YES;
				CLANG_WARN_CONSTANT_CONVERSION = YES;
				CLANG_WARN_DEPRECATED_OBJC_IMPLEMENTATIONS = YES;
				CLANG_WARN_DIRECT_OBJC_ISA_USAGE = YES_ERROR;
				CLANG_WARN_DOCUMENTATION_COMMENTS = YES;
				CLANG_WARN_EMPTY_BODY = YES;
				CLANG_WARN_ENUM_CONVERSION = YES;
				CLANG_WARN_INFINITE_RECURSION = YES;
				CLANG_WARN_INT_CONVERSION = YES;
				CLANG_WARN_NON_LITERAL_NULL_CONVERSION = YES;
				CLANG_WARN_OBJC_IMPLICIT_RETAIN_SELF = YES;
				CLANG_WARN_OBJC_LITERAL_CONVERSION = YES;
				CLANG_WARN_OBJC_ROOT_CLASS = YES_ERROR;
				CLANG_WARN_RANGE_LOOP_ANALYSIS = YES;
				CLANG_WARN_STRICT_PROTOTYPES = YES;
				CLANG_WARN_SUSPICIOUS_MOVE = YES;
				CLANG_WARN_UNGUARDED_AVAILABILITY = YES_AGGRESSIVE;
				CLANG_WARN_UNREACHABLE_CODE = YES;
				CLANG_WARN__DUPLICATE_METHOD_MATCH = YES;
				CODE_SIGN_IDENTITY = "iPhone Developer";
				COPY_PHASE_STRIP = NO;
				DEBUG_INFORMATION_FORMAT = "dwarf-with-dsym";
				ENABLE_NS_ASSERTIONS = NO;
				ENABLE_STRICT_OBJC_MSGSEND = YES;
				GCC_C_LANGUAGE_STANDARD = gnu11;
				GCC_NO_COMMON_BLOCKS = YES;
				GCC_WARN_64_TO_32_BIT_CONVERSION = YES;
				GCC_WARN_ABOUT_RETURN_TYPE = YES_ERROR;
				GCC_WARN_UNDECLARED_SELECTOR = YES;
				GCC_WARN_UNINITIALIZED_AUTOS = YES_AGGRESSIVE;
				GCC_WARN_UNUSED_FUNCTION = YES;
				GCC_WARN_UNUSED_VARIABLE = YES;
				IPHONEOS_DEPLOYMENT_TARGET = 11.4;
				MTL_ENABLE_DEBUG_INFO = NO;
				SDKROOT = iphoneos;
				SWIFT_COMPILATION_MODE = wholemodule;
				SWIFT_OPTIMIZATION_LEVEL = "-O";
				VALIDATE_PRODUCT = YES;
			};
			name = Release;
		};
		2EDDE9BB214D4B0A00FD4945 /* Debug */ = {
			isa = XCBuildConfiguration;
			baseConfigurationReference = 1AB76113401F5FA051E9759A /* Pods-RxBookLookup.debug.xcconfig */;
			buildSettings = {
				ASSETCATALOG_COMPILER_APPICON_NAME = AppIcon;
				CODE_SIGN_STYLE = Automatic;
				DEVELOPMENT_TEAM = 98KAY253SB;
				INFOPLIST_FILE = "RxBookLookup//Assets/Info.plist";
				LD_RUNPATH_SEARCH_PATHS = (
					"$(inherited)",
					"@executable_path/Frameworks",
				);
				PRODUCT_BUNDLE_IDENTIFIER = com.davidanglin.RxBookLookup;
				PRODUCT_NAME = "$(TARGET_NAME)";
				SWIFT_VERSION = 4.0;
				TARGETED_DEVICE_FAMILY = "1,2";
			};
			name = Debug;
		};
		2EDDE9BC214D4B0A00FD4945 /* Release */ = {
			isa = XCBuildConfiguration;
			baseConfigurationReference = 08125B3647335FA1E525A8EA /* Pods-RxBookLookup.release.xcconfig */;
			buildSettings = {
				ASSETCATALOG_COMPILER_APPICON_NAME = AppIcon;
				CODE_SIGN_STYLE = Automatic;
				DEVELOPMENT_TEAM = 98KAY253SB;
				INFOPLIST_FILE = "RxBookLookup//Assets/Info.plist";
				LD_RUNPATH_SEARCH_PATHS = (
					"$(inherited)",
					"@executable_path/Frameworks",
				);
				PRODUCT_BUNDLE_IDENTIFIER = com.davidanglin.RxBookLookup;
				PRODUCT_NAME = "$(TARGET_NAME)";
				SWIFT_VERSION = 4.0;
				TARGETED_DEVICE_FAMILY = "1,2";
			};
			name = Release;
		};
/* End XCBuildConfiguration section */

/* Begin XCConfigurationList section */
		2EDDE9A3214D4B0A00FD4945 /* Build configuration list for PBXProject "RxBookLookup" */ = {
			isa = XCConfigurationList;
			buildConfigurations = (
				2EDDE9B8214D4B0A00FD4945 /* Debug */,
				2EDDE9B9214D4B0A00FD4945 /* Release */,
			);
			defaultConfigurationIsVisible = 0;
			defaultConfigurationName = Release;
		};
		2EDDE9BA214D4B0A00FD4945 /* Build configuration list for PBXNativeTarget "RxBookLookup" */ = {
			isa = XCConfigurationList;
			buildConfigurations = (
				2EDDE9BB214D4B0A00FD4945 /* Debug */,
				2EDDE9BC214D4B0A00FD4945 /* Release */,
			);
			defaultConfigurationIsVisible = 0;
			defaultConfigurationName = Release;
		};
/* End XCConfigurationList section */
	};
	rootObject = 2EDDE9A0214D4B0A00FD4945 /* Project object */;
}
